
Microsoft Visual Studio Solution File, Format Version 12.00
# Visual Studio Version 16
VisualStudioVersion = 16.0.28917.181
MinimumVisualStudioVersion = 10.0.40219.1
Project("{FAE04EC0-301F-11D3-BF4B-00C04F79EFBC}") = "OS_PurchaseNotification", "OS_PurchaseNotification.csproj", "{16B256FC-7A88-4B33-9E0E-7406C72066B2}"
EndProject
Global
	GlobalSection(SolutionConfigurationPlatforms) = preSolution
		Debug|Any CPU = Debug|Any CPU
		Release|Any CPU = Release|Any CPU
	EndGlobalSection
	GlobalSection(ProjectConfigurationPlatforms) = postSolution
		{16B256FC-7A88-4B33-9E0E-7406C72066B2}.Debug|Any CPU.ActiveCfg = Debug|Any CPU
		{16B256FC-7A88-4B33-9E0E-7406C72066B2}.Debug|Any CPU.Build.0 = Debug|Any CPU
		{16B256FC-7A88-4B33-9E0E-7406C72066B2}.Release|Any CPU.ActiveCfg = Release|Any CPU
		{16B256FC-7A88-4B33-9E0E-7406C72066B2}.Release|Any CPU.Build.0 = Release|Any CPU
	EndGlobalSection
	GlobalSection(SolutionProperties) = preSolution
		HideSolutionNode = FALSE
	EndGlobalSection
	GlobalSection(ExtensibilityGlobals) = postSolution
		SolutionGuid = {622E64A6-280B-477B-BCB7-DB398216116E}
	EndGlobalSection
EndGlobal
